
Microsoft Visual Studio Solution File, Format Version 12.00
# Visual Studio Version 17
Project("{8BC9CEB8-8B4A-11D0-8D11-00A0C91BC942}") = "ALL_BUILD", "ALL_BUILD.vcxproj", "{2631CA20-0E54-3B15-941A-45B187709AAC}"
	ProjectSection(ProjectDependencies) = postProject
		{D2B21324-9D31-3F41-8420-AC7619996204} = {D2B21324-9D31-3F41-8420-AC7619996204}
		{9AAEDC95-7499-34BB-8F66-3FFC48C600C8} = {9AAEDC95-7499-34BB-8F66-3FFC48C600C8}
	EndProjectSection
EndProject
Project("{8BC9CEB8-8B4A-11D0-8D11-00A0C91BC942}") = "ZERO_CHECK", "..\\ZERO_CHECK.vcxproj", "{D2B21324-9D31-3F41-8420-AC7619996204}"
	ProjectSection(ProjectDependencies) = postProject
	EndProjectSection
EndProject
Project("{8BC9CEB8-8B4A-11D0-8D11-00A0C91BC942}") = "glad", "glad.vcxproj", "{9AAEDC95-7499-34BB-8F66-3FFC48C600C8}"
	ProjectSection(ProjectDependencies) = postProject
		{D2B21324-9D31-3F41-8420-AC7619996204} = {D2B21324-9D31-3F41-8420-AC7619996204}
	EndProjectSection
EndProject
Global
	GlobalSection(SolutionConfigurationPlatforms) = preSolution
		Debug|x64 = Debug|x64
		Release|x64 = Release|x64
		MinSizeRel|x64 = MinSizeRel|x64
		RelWithDebInfo|x64 = RelWithDebInfo|x64
	EndGlobalSection
	GlobalSection(ProjectConfigurationPlatforms) = postSolution
		{2631CA20-0E54-3B15-941A-45B187709AAC}.Debug|x64.ActiveCfg = Debug|x64
		{2631CA20-0E54-3B15-941A-45B187709AAC}.Release|x64.ActiveCfg = Release|x64
		{2631CA20-0E54-3B15-941A-45B187709AAC}.MinSizeRel|x64.ActiveCfg = MinSizeRel|x64
		{2631CA20-0E54-3B15-941A-45B187709AAC}.RelWithDebInfo|x64.ActiveCfg = RelWithDebInfo|x64
		{D2B21324-9D31-3F41-8420-AC7619996204}.Debug|x64.ActiveCfg = Debug|x64
		{D2B21324-9D31-3F41-8420-AC7619996204}.Debug|x64.Build.0 = Debug|x64
		{D2B21324-9D31-3F41-8420-AC7619996204}.Release|x64.ActiveCfg = Release|x64
		{D2B21324-9D31-3F41-8420-AC7619996204}.Release|x64.Build.0 = Release|x64
		{D2B21324-9D31-3F41-8420-AC7619996204}.MinSizeRel|x64.ActiveCfg = MinSizeRel|x64
		{D2B21324-9D31-3F41-8420-AC7619996204}.MinSizeRel|x64.Build.0 = MinSizeRel|x64
		{D2B21324-9D31-3F41-8420-AC7619996204}.RelWithDebInfo|x64.ActiveCfg = RelWithDebInfo|x64
		{D2B21324-9D31-3F41-8420-AC7619996204}.RelWithDebInfo|x64.Build.0 = RelWithDebInfo|x64
		{9AAEDC95-7499-34BB-8F66-3FFC48C600C8}.Debug|x64.ActiveCfg = Debug|x64
		{9AAEDC95-7499-34BB-8F66-3FFC48C600C8}.Debug|x64.Build.0 = Debug|x64
		{9AAEDC95-7499-34BB-8F66-3FFC48C600C8}.Release|x64.ActiveCfg = Release|x64
		{9AAEDC95-7499-34BB-8F66-3FFC48C600C8}.Release|x64.Build.0 = Release|x64
		{9AAEDC95-7499-34BB-8F66-3FFC48C600C8}.MinSizeRel|x64.ActiveCfg = MinSizeRel|x64
		{9AAEDC95-7499-34BB-8F66-3FFC48C600C8}.MinSizeRel|x64.Build.0 = MinSizeRel|x64
		{9AAEDC95-7499-34BB-8F66-3FFC48C600C8}.RelWithDebInfo|x64.ActiveCfg = RelWithDebInfo|x64
		{9AAEDC95-7499-34BB-8F66-3FFC48C600C8}.RelWithDebInfo|x64.Build.0 = RelWithDebInfo|x64
	EndGlobalSection
	GlobalSection(ExtensibilityGlobals) = postSolution
		SolutionGuid = {F8C0ADCB-1F41-333D-B842-CB4A85828152}
	EndGlobalSection
	GlobalSection(ExtensibilityAddIns) = postSolution
	EndGlobalSection
EndGlobal
