<?xml version="1.0" encoding="utf-8"?>
<Project ToolsVersion="17.0" xmlns="http://schemas.microsoft.com/developer/msbuild/2003">
  <ItemGroup>
    <ClCompile Include="D:\Ineff\Projects\2023\08\OpenGL\with cmake\glad\src\glad.c">
      <Filter>Source Files</Filter>
    </ClCompile>
  </ItemGroup>
  <ItemGroup>
    <ClInclude Include="D:\Ineff\Projects\2023\08\OpenGL\with cmake\glad\include\glad\glad.h">
      <Filter>Header Files</Filter>
    </ClInclude>
  </ItemGroup>
  <ItemGroup>
    <CustomBuild Include="D:\Ineff\Projects\2023\08\OpenGL\with cmake\glad\CMakeLists.txt" />
  </ItemGroup>
  <ItemGroup>
    <Filter Include="Header Files">
      <UniqueIdentifier>{4C49CA17-9118-30C4-A4CD-AE6ABE9404DB}</UniqueIdentifier>
    </Filter>
    <Filter Include="Source Files">
      <UniqueIdentifier>{464D4268-F6DB-3A0C-B9ED-B39F4061645B}</UniqueIdentifier>
    </Filter>
  </ItemGroup>
</Project>
